<?xml version="1.0" encoding="utf-8"?>
<Project ToolsVersion="4.0" xmlns="http://schemas.microsoft.com/developer/msbuild/2003">
  <ItemGroup>
    <Filter Include="Inc">
      <UniqueIdentifier>{59cfc793-dc68-483c-b9dc-234b97f32a7f}</UniqueIdentifier>
    </Filter>
    <Filter Include="Src">
      <UniqueIdentifier>{7434692f-484f-4a3d-92cf-86919d06e961}</UniqueIdentifier>
    </Filter>
  </ItemGroup>
  <ItemGroup>
    <ClInclude Include="Inc\Common.h">
      <Filter>Inc</Filter>
    </ClInclude>
    <ClInclude Include="Inc\Physics.h">
      <Filter>Inc</Filter>
    </ClInclude>
    <ClInclude Include="Src\Precompiled.h">
      <Filter>Src</Filter>
    </ClInclude>
    <ClInclude Include="Inc\PhysicsObject.h">
      <Filter>Inc</Filter>
    </ClInclude>
    <ClInclude Include="Inc\PhysicsWorld.h">
      <Filter>Inc</Filter>
    </ClInclude>
    <ClInclude Include="Inc\CollisionShape.h">
      <Filter>Inc</Filter>
    </ClInclude>
    <ClInclude Include="Inc\RigidBody.h">
      <Filter>Inc</Filter>
    </ClInclude>
  </ItemGroup>
  <ItemGroup>
    <ClCompile Include="Src\Precompiled.cpp">
      <Filter>Src</Filter>
    </ClCompile>
    <ClCompile Include="Src\PhysicsWorld.cpp">
      <Filter>Src</Filter>
    </ClCompile>
    <ClCompile Include="Src\CollisionShape.cpp">
      <Filter>Src</Filter>
    </ClCompile>
    <ClCompile Include="Src\RigidBody.cpp">
      <Filter>Src</Filter>
    </ClCompile>
  </ItemGroup>
</Project>